
Microsoft Visual Studio Solution File, Format Version 12.00
# Visual Studio Version 17
VisualStudioVersion = 17.4.33213.308
MinimumVisualStudioVersion = 10.0.40219.1
Project("{8BC9CEB8-8B4A-11D0-8D11-00A0C91BC942}") = "Class_Notes_3", "Class_Notes_3.vcxproj", "{CB56A0D8-0E21-4A1D-B252-0445C707972B}"
EndProject
Global
	GlobalSection(SolutionConfigurationPlatforms) = preSolution
		Debug|x64 = Debug|x64
		Debug|x86 = Debug|x86
		Release|x64 = Release|x64
		Release|x86 = Release|x86
	EndGlobalSection
	GlobalSection(ProjectConfigurationPlatforms) = postSolution
		{CB56A0D8-0E21-4A1D-B252-0445C707972B}.Debug|x64.ActiveCfg = Debug|x64
		{CB56A0D8-0E21-4A1D-B252-0445C707972B}.Debug|x64.Build.0 = Debug|x64
		{CB56A0D8-0E21-4A1D-B252-0445C707972B}.Debug|x86.ActiveCfg = Debug|Win32
		{CB56A0D8-0E21-4A1D-B252-0445C707972B}.Debug|x86.Build.0 = Debug|Win32
		{CB56A0D8-0E21-4A1D-B252-0445C707972B}.Release|x64.ActiveCfg = Release|x64
		{CB56A0D8-0E21-4A1D-B252-0445C707972B}.Release|x64.Build.0 = Release|x64
		{CB56A0D8-0E21-4A1D-B252-0445C707972B}.Release|x86.ActiveCfg = Release|Win32
		{CB56A0D8-0E21-4A1D-B252-0445C707972B}.Release|x86.Build.0 = Release|Win32
	EndGlobalSection
	GlobalSection(SolutionProperties) = preSolution
		HideSolutionNode = FALSE
	EndGlobalSection
	GlobalSection(ExtensibilityGlobals) = postSolution
		SolutionGuid = {EBED510E-2043-42AE-8781-256776AE1C41}
	EndGlobalSection
EndGlobal
