
Microsoft Visual Studio Solution File, Format Version 12.00
# Visual Studio Version 17
VisualStudioVersion = 17.4.33213.308
MinimumVisualStudioVersion = 10.0.40219.1
Project("{8BC9CEB8-8B4A-11D0-8D11-00A0C91BC942}") = "Island_Perimeter_Assignment", "Island_Perimeter_Assignment.vcxproj", "{C834A6F8-79C8-4BD2-82F8-335EC89A9240}"
EndProject
Global
	GlobalSection(SolutionConfigurationPlatforms) = preSolution
		Debug|x64 = Debug|x64
		Debug|x86 = Debug|x86
		Release|x64 = Release|x64
		Release|x86 = Release|x86
	EndGlobalSection
	GlobalSection(ProjectConfigurationPlatforms) = postSolution
		{C834A6F8-79C8-4BD2-82F8-335EC89A9240}.Debug|x64.ActiveCfg = Debug|x64
		{C834A6F8-79C8-4BD2-82F8-335EC89A9240}.Debug|x64.Build.0 = Debug|x64
		{C834A6F8-79C8-4BD2-82F8-335EC89A9240}.Debug|x86.ActiveCfg = Debug|Win32
		{C834A6F8-79C8-4BD2-82F8-335EC89A9240}.Debug|x86.Build.0 = Debug|Win32
		{C834A6F8-79C8-4BD2-82F8-335EC89A9240}.Release|x64.ActiveCfg = Release|x64
		{C834A6F8-79C8-4BD2-82F8-335EC89A9240}.Release|x64.Build.0 = Release|x64
		{C834A6F8-79C8-4BD2-82F8-335EC89A9240}.Release|x86.ActiveCfg = Release|Win32
		{C834A6F8-79C8-4BD2-82F8-335EC89A9240}.Release|x86.Build.0 = Release|Win32
	EndGlobalSection
	GlobalSection(SolutionProperties) = preSolution
		HideSolutionNode = FALSE
	EndGlobalSection
	GlobalSection(ExtensibilityGlobals) = postSolution
		SolutionGuid = {5F3E7A53-D4B0-4510-83F0-5EB3EA5DC7F0}
	EndGlobalSection
EndGlobal
